
Microsoft Visual Studio Solution File, Format Version 12.00
# Visual Studio Version 17
VisualStudioVersion = 17.3.32825.248
MinimumVisualStudioVersion = 10.0.40219.1
Project("{FAE04EC0-301F-11D3-BF4B-00C04F79EFBC}") = "generator_discourt", "generator_discourt\generator_discourt.csproj", "{A35933C0-5522-4E28-A84B-696168AECA81}"
EndProject
Global
	GlobalSection(SolutionConfigurationPlatforms) = preSolution
		Debug|Any CPU = Debug|Any CPU
		Release|Any CPU = Release|Any CPU
	EndGlobalSection
	GlobalSection(ProjectConfigurationPlatforms) = postSolution
		{A35933C0-5522-4E28-A84B-696168AECA81}.Debug|Any CPU.ActiveCfg = Debug|Any CPU
		{A35933C0-5522-4E28-A84B-696168AECA81}.Debug|Any CPU.Build.0 = Debug|Any CPU
		{A35933C0-5522-4E28-A84B-696168AECA81}.Release|Any CPU.ActiveCfg = Release|Any CPU
		{A35933C0-5522-4E28-A84B-696168AECA81}.Release|Any CPU.Build.0 = Release|Any CPU
	EndGlobalSection
	GlobalSection(SolutionProperties) = preSolution
		HideSolutionNode = FALSE
	EndGlobalSection
	GlobalSection(ExtensibilityGlobals) = postSolution
		SolutionGuid = {D2106886-1F16-4A9C-8D20-37C67D5B3CA5}
	EndGlobalSection
EndGlobal
